
Microsoft Visual Studio Solution File, Format Version 11.00
# Visual Studio 2010
Project("{FAE04EC0-301F-11D3-BF4B-00C04F79EFBC}") = "Gandisweeper", "Assembly-CSharp.csproj", "{23E833F3-7229-AC5C-9A4D-3C38BDAAD6A4}"
EndProject
Global
	GlobalSection(SolutionConfigurationPlatforms) = preSolution
		Debug|Any CPU = Debug|Any CPU
		Release|Any CPU = Release|Any CPU
	EndGlobalSection
	GlobalSection(ProjectConfigurationPlatforms) = postSolution
		{23E833F3-7229-AC5C-9A4D-3C38BDAAD6A4}.Debug|Any CPU.ActiveCfg = Debug|Any CPU
		{23E833F3-7229-AC5C-9A4D-3C38BDAAD6A4}.Debug|Any CPU.Build.0 = Debug|Any CPU
		{23E833F3-7229-AC5C-9A4D-3C38BDAAD6A4}.Release|Any CPU.ActiveCfg = Release|Any CPU
		{23E833F3-7229-AC5C-9A4D-3C38BDAAD6A4}.Release|Any CPU.Build.0 = Release|Any CPU
	EndGlobalSection
	GlobalSection(SolutionProperties) = preSolution
		HideSolutionNode = FALSE
	EndGlobalSection
	GlobalSection(MonoDevelopProperties) = preSolution
		StartupItem = Assembly-CSharp.csproj
	EndGlobalSection
EndGlobal
